
Microsoft Visual Studio Solution File, Format Version 12.00
# Visual Studio Version 17
VisualStudioVersion = 17.10.34928.147
MinimumVisualStudioVersion = 10.0.40219.1
Project("{9A19103F-16F7-4668-BE54-9A1E7A4F7556}") = "MatchdayMadness.Presentation", "MatchdayMadness.Presentation\MatchdayMadness.Presentation.csproj", "{51502CA4-5233-41FD-B38A-684F61605BE7}"
EndProject
Project("{9A19103F-16F7-4668-BE54-9A1E7A4F7556}") = "MatchdayMadness.API", "MatchdayMadness.API\MatchdayMadness.API.csproj", "{7ED310A2-FB70-4697-9E12-CA296F97862D}"
	ProjectSection(ProjectDependencies) = postProject
		{51502CA4-5233-41FD-B38A-684F61605BE7} = {51502CA4-5233-41FD-B38A-684F61605BE7}
	EndProjectSection
EndProject
Project("{FAE04EC0-301F-11D3-BF4B-00C04F79EFBC}") = "MatchdayMadness.Domain", "MatchdayMadness.Domain\MatchdayMadness.Domain.csproj", "{BFA61536-2AE2-4BCE-81AE-D97ABD84CDD6}"
EndProject
Project("{FAE04EC0-301F-11D3-BF4B-00C04F79EFBC}") = "MatchdayMadness.BLL", "MatchdayMadness.BLL\MatchdayMadness.BLL.csproj", "{C7BD386A-DE65-4A3F-B0CE-BE045A2CD609}"
EndProject
Project("{FAE04EC0-301F-11D3-BF4B-00C04F79EFBC}") = "MatchdayMadness.Infrastructure", "MatchdayMadness.Infrastructure\MatchdayMadness.Infrastructure.csproj", "{87E27E51-5F02-4FA2-A69F-B550DE420F68}"
EndProject
Global
	GlobalSection(SolutionConfigurationPlatforms) = preSolution
		Debug|Any CPU = Debug|Any CPU
		Release|Any CPU = Release|Any CPU
	EndGlobalSection
	GlobalSection(ProjectConfigurationPlatforms) = postSolution
		{51502CA4-5233-41FD-B38A-684F61605BE7}.Debug|Any CPU.ActiveCfg = Debug|Any CPU
		{51502CA4-5233-41FD-B38A-684F61605BE7}.Debug|Any CPU.Build.0 = Debug|Any CPU
		{51502CA4-5233-41FD-B38A-684F61605BE7}.Release|Any CPU.ActiveCfg = Release|Any CPU
		{51502CA4-5233-41FD-B38A-684F61605BE7}.Release|Any CPU.Build.0 = Release|Any CPU
		{7ED310A2-FB70-4697-9E12-CA296F97862D}.Debug|Any CPU.ActiveCfg = Debug|Any CPU
		{7ED310A2-FB70-4697-9E12-CA296F97862D}.Debug|Any CPU.Build.0 = Debug|Any CPU
		{7ED310A2-FB70-4697-9E12-CA296F97862D}.Release|Any CPU.ActiveCfg = Release|Any CPU
		{7ED310A2-FB70-4697-9E12-CA296F97862D}.Release|Any CPU.Build.0 = Release|Any CPU
		{BFA61536-2AE2-4BCE-81AE-D97ABD84CDD6}.Debug|Any CPU.ActiveCfg = Debug|Any CPU
		{BFA61536-2AE2-4BCE-81AE-D97ABD84CDD6}.Debug|Any CPU.Build.0 = Debug|Any CPU
		{BFA61536-2AE2-4BCE-81AE-D97ABD84CDD6}.Release|Any CPU.ActiveCfg = Release|Any CPU
		{BFA61536-2AE2-4BCE-81AE-D97ABD84CDD6}.Release|Any CPU.Build.0 = Release|Any CPU
		{C7BD386A-DE65-4A3F-B0CE-BE045A2CD609}.Debug|Any CPU.ActiveCfg = Debug|Any CPU
		{C7BD386A-DE65-4A3F-B0CE-BE045A2CD609}.Debug|Any CPU.Build.0 = Debug|Any CPU
		{C7BD386A-DE65-4A3F-B0CE-BE045A2CD609}.Release|Any CPU.ActiveCfg = Release|Any CPU
		{C7BD386A-DE65-4A3F-B0CE-BE045A2CD609}.Release|Any CPU.Build.0 = Release|Any CPU
		{87E27E51-5F02-4FA2-A69F-B550DE420F68}.Debug|Any CPU.ActiveCfg = Debug|Any CPU
		{87E27E51-5F02-4FA2-A69F-B550DE420F68}.Debug|Any CPU.Build.0 = Debug|Any CPU
		{87E27E51-5F02-4FA2-A69F-B550DE420F68}.Release|Any CPU.ActiveCfg = Release|Any CPU
		{87E27E51-5F02-4FA2-A69F-B550DE420F68}.Release|Any CPU.Build.0 = Release|Any CPU
	EndGlobalSection
	GlobalSection(SolutionProperties) = preSolution
		HideSolutionNode = FALSE
	EndGlobalSection
	GlobalSection(ExtensibilityGlobals) = postSolution
		SolutionGuid = {74D9FEAA-2E91-4488-BD4A-7E3251D4560F}
	EndGlobalSection
EndGlobal
